{
  "name": "ga-wdi-boston.browser-template",
  "version": "0.0.3",
  "lockfileVersion": 1,
  "requires": true,
  "dependencies": {
    "eslint-config-standard": {
      "version": "6.2.1",
      "resolved": "https://registry.npmjs.org/eslint-config-standard/-/eslint-config-standard-6.2.1.tgz",
      "integrity": "sha1-06aKr8cZFjnn7kQec0hzkCY1QpI=",
      "dev": true
    }
  }
}
